
Microsoft Visual Studio Solution File, Format Version 12.00
# Visual Studio Version 17
VisualStudioVersion = 17.9.34622.214
MinimumVisualStudioVersion = 10.0.40219.1
Project("{8BC9CEB8-8B4A-11D0-8D11-00A0C91BC942}") = "safcafafs", "safcafafs.vcxproj", "{97301F00-E815-4EF6-AE08-1C2331864664}"
EndProject
Global
	GlobalSection(SolutionConfigurationPlatforms) = preSolution
		Debug|x64 = Debug|x64
		Debug|x86 = Debug|x86
		Release|x64 = Release|x64
		Release|x86 = Release|x86
	EndGlobalSection
	GlobalSection(ProjectConfigurationPlatforms) = postSolution
		{97301F00-E815-4EF6-AE08-1C2331864664}.Debug|x64.ActiveCfg = Debug|x64
		{97301F00-E815-4EF6-AE08-1C2331864664}.Debug|x64.Build.0 = Debug|x64
		{97301F00-E815-4EF6-AE08-1C2331864664}.Debug|x86.ActiveCfg = Debug|Win32
		{97301F00-E815-4EF6-AE08-1C2331864664}.Debug|x86.Build.0 = Debug|Win32
		{97301F00-E815-4EF6-AE08-1C2331864664}.Release|x64.ActiveCfg = Release|x64
		{97301F00-E815-4EF6-AE08-1C2331864664}.Release|x64.Build.0 = Release|x64
		{97301F00-E815-4EF6-AE08-1C2331864664}.Release|x86.ActiveCfg = Release|Win32
		{97301F00-E815-4EF6-AE08-1C2331864664}.Release|x86.Build.0 = Release|Win32
	EndGlobalSection
	GlobalSection(SolutionProperties) = preSolution
		HideSolutionNode = FALSE
	EndGlobalSection
	GlobalSection(ExtensibilityGlobals) = postSolution
		SolutionGuid = {A4732261-8A96-4D81-B1DB-4F68D8B2DB66}
	EndGlobalSection
EndGlobal
